{
  "version": 4,
  "terraform_version": "1.4.5",
  "serial": 28,
  "lineage": "6df5d28d-ae8e-7fe4-ac6e-128d9f9a25f1",
  "outputs": {},
  "resources": [
    {
      "mode": "managed",
      "type": "local_file",
      "name": "pruebas1_rn",
      "provider": "provider[\"registry.terraform.io/hashicorp/local\"]",
      "instances": [
        {
          "index_key": 0,
          "schema_version": 0,
          "attributes": {
            "content": "Pruebas pruebas de terraform pruebas melas 1",
            "content_base64": null,
            "content_base64sha256": "hsWmttmr6HB/jloxczkHK4ZDQfjITggWzqe+zuNi/mU=",
            "content_base64sha512": "zgxJARPfsBxvVsWlXN7B9wmAOUNWwN04V3gr/FWXur2rVW1q/B05Tj/quibpQoVu4Pb3hxX7ZPWmJzhMSc73/g==",
            "content_md5": "92b480cf6397167bdd38c3630c037a93",
            "content_sha1": "b80fcf7573672e9e1572099fa17adf212cea13d6",
            "content_sha256": "86c5a6b6d9abe8707f8e5a317339072b864341f8c84e0816cea7becee362fe65",
            "content_sha512": "ce0c490113dfb01c6f56c5a55cdec1f70980394356c0dd3857782bfc5597babdab556d6afc1d394e3feaba26e942856ee0f6f78715fb64f5a627384c49cef7fe",
            "directory_permission": "0777",
            "file_permission": "0770",
            "filename": "prueba-pirem.txt",
            "id": "b80fcf7573672e9e1572099fa17adf212cea13d6",
            "sensitive_content": null,
            "source": null
          },
          "sensitive_attributes": [],
          "dependencies": [
            "random_string.sufijo_rn"
          ]
        },
        {
          "index_key": 1,
          "schema_version": 0,
          "attributes": {
            "content": "Pruebas pruebas de terraform pruebas melas 1",
            "content_base64": null,
            "content_base64sha256": "hsWmttmr6HB/jloxczkHK4ZDQfjITggWzqe+zuNi/mU=",
            "content_base64sha512": "zgxJARPfsBxvVsWlXN7B9wmAOUNWwN04V3gr/FWXur2rVW1q/B05Tj/quibpQoVu4Pb3hxX7ZPWmJzhMSc73/g==",
            "content_md5": "92b480cf6397167bdd38c3630c037a93",
            "content_sha1": "b80fcf7573672e9e1572099fa17adf212cea13d6",
            "content_sha256": "86c5a6b6d9abe8707f8e5a317339072b864341f8c84e0816cea7becee362fe65",
            "content_sha512": "ce0c490113dfb01c6f56c5a55cdec1f70980394356c0dd3857782bfc5597babdab556d6afc1d394e3feaba26e942856ee0f6f78715fb64f5a627384c49cef7fe",
            "directory_permission": "0777",
            "file_permission": "0770",
            "filename": "prueba-etpuj.txt",
            "id": "b80fcf7573672e9e1572099fa17adf212cea13d6",
            "sensitive_content": null,
            "source": null
          },
          "sensitive_attributes": [],
          "dependencies": [
            "random_string.sufijo_rn"
          ]
        },
        {
          "index_key": 2,
          "schema_version": 0,
          "attributes": {
            "content": "Pruebas pruebas de terraform pruebas melas 1",
            "content_base64": null,
            "content_base64sha256": "hsWmttmr6HB/jloxczkHK4ZDQfjITggWzqe+zuNi/mU=",
            "content_base64sha512": "zgxJARPfsBxvVsWlXN7B9wmAOUNWwN04V3gr/FWXur2rVW1q/B05Tj/quibpQoVu4Pb3hxX7ZPWmJzhMSc73/g==",
            "content_md5": "92b480cf6397167bdd38c3630c037a93",
            "content_sha1": "b80fcf7573672e9e1572099fa17adf212cea13d6",
            "content_sha256": "86c5a6b6d9abe8707f8e5a317339072b864341f8c84e0816cea7becee362fe65",
            "content_sha512": "ce0c490113dfb01c6f56c5a55cdec1f70980394356c0dd3857782bfc5597babdab556d6afc1d394e3feaba26e942856ee0f6f78715fb64f5a627384c49cef7fe",
            "directory_permission": "0777",
            "file_permission": "0770",
            "filename": "prueba-ylgap.txt",
            "id": "b80fcf7573672e9e1572099fa17adf212cea13d6",
            "sensitive_content": null,
            "source": null
          },
          "sensitive_attributes": [],
          "dependencies": [
            "random_string.sufijo_rn"
          ]
        }
      ]
    },
    {
      "mode": "managed",
      "type": "random_string",
      "name": "sufijo_rn",
      "provider": "provider[\"registry.terraform.io/hashicorp/random\"]",
      "instances": [
        {
          "index_key": 0,
          "schema_version": 2,
          "attributes": {
            "id": "pirem",
            "keepers": null,
            "length": 5,
            "lower": true,
            "min_lower": 0,
            "min_numeric": 0,
            "min_special": 0,
            "min_upper": 0,
            "number": false,
            "numeric": false,
            "override_special": null,
            "result": "pirem",
            "special": false,
            "upper": false
          },
          "sensitive_attributes": []
        },
        {
          "index_key": 1,
          "schema_version": 2,
          "attributes": {
            "id": "etpuj",
            "keepers": null,
            "length": 5,
            "lower": true,
            "min_lower": 0,
            "min_numeric": 0,
            "min_special": 0,
            "min_upper": 0,
            "number": false,
            "numeric": false,
            "override_special": null,
            "result": "etpuj",
            "special": false,
            "upper": false
          },
          "sensitive_attributes": []
        },
        {
          "index_key": 2,
          "schema_version": 2,
          "attributes": {
            "id": "ylgap",
            "keepers": null,
            "length": 5,
            "lower": true,
            "min_lower": 0,
            "min_numeric": 0,
            "min_special": 0,
            "min_upper": 0,
            "number": false,
            "numeric": false,
            "override_special": null,
            "result": "ylgap",
            "special": false,
            "upper": false
          },
          "sensitive_attributes": []
        }
      ]
    }
  ],
  "check_results": null
}
