{
  "version": 4,
  "terraform_version": "1.4.5",
  "serial": 17,
  "lineage": "aba69c5e-ec5f-15a4-1277-7b97189a23d8",
  "outputs": {},
  "resources": [
    {
      "mode": "managed",
      "type": "aws_vpc",
      "name": "vpc_ohio_rn",
      "provider": "provider[\"registry.terraform.io/hashicorp/aws\"].ohio",
      "instances": [
        {
          "schema_version": 1,
          "attributes": {
            "arn": "arn:aws:ec2:us-east-2:440829583140:vpc/vpc-0b34c2c40380f18a1",
            "assign_generated_ipv6_cidr_block": false,
            "cidr_block": "10.20.0.0/16",
            "default_network_acl_id": "acl-02aea04d2764d55d9",
            "default_route_table_id": "rtb-08b2963b8c393e0f9",
            "default_security_group_id": "sg-0a4e4ee8b56ea7af9",
            "dhcp_options_id": "dopt-08db8121f64f1acfb",
            "enable_classiclink": false,
            "enable_classiclink_dns_support": false,
            "enable_dns_hostnames": false,
            "enable_dns_support": true,
            "enable_network_address_usage_metrics": false,
            "id": "vpc-0b34c2c40380f18a1",
            "instance_tenancy": "default",
            "ipv4_ipam_pool_id": null,
            "ipv4_netmask_length": null,
            "ipv6_association_id": "",
            "ipv6_cidr_block": "",
            "ipv6_cidr_block_network_border_group": "",
            "ipv6_ipam_pool_id": "",
            "ipv6_netmask_length": 0,
            "main_route_table_id": "rtb-08b2963b8c393e0f9",
            "owner_id": "440829583140",
            "tags": {
              "Name": "vpc_ohio",
              "env": "dev"
            },
            "tags_all": {
              "Name": "vpc_ohio",
              "env": "dev"
            }
          },
          "sensitive_attributes": [],
          "private": "eyJzY2hlbWFfdmVyc2lvbiI6IjEifQ=="
        }
      ]
    },
    {
      "mode": "managed",
      "type": "aws_vpc",
      "name": "vpc_virginia_rn",
      "provider": "provider[\"registry.terraform.io/hashicorp/aws\"]",
      "instances": [
        {
          "schema_version": 1,
          "attributes": {
            "arn": "arn:aws:ec2:us-east-1:440829583140:vpc/vpc-00f675d56057d88c3",
            "assign_generated_ipv6_cidr_block": false,
            "cidr_block": "10.10.0.0/16",
            "default_network_acl_id": "acl-01210500bedf4b741",
            "default_route_table_id": "rtb-00ac12891049f068b",
            "default_security_group_id": "sg-024bd522794e9e3ad",
            "dhcp_options_id": "dopt-00d643f909a587523",
            "enable_classiclink": false,
            "enable_classiclink_dns_support": false,
            "enable_dns_hostnames": false,
            "enable_dns_support": true,
            "enable_network_address_usage_metrics": false,
            "id": "vpc-00f675d56057d88c3",
            "instance_tenancy": "default",
            "ipv4_ipam_pool_id": null,
            "ipv4_netmask_length": null,
            "ipv6_association_id": "",
            "ipv6_cidr_block": "",
            "ipv6_cidr_block_network_border_group": "",
            "ipv6_ipam_pool_id": "",
            "ipv6_netmask_length": 0,
            "main_route_table_id": "rtb-00ac12891049f068b",
            "owner_id": "440829583140",
            "tags": {
              "Name": "vpc_virginia",
              "env": "dev"
            },
            "tags_all": {
              "Name": "vpc_virginia",
              "env": "dev"
            }
          },
          "sensitive_attributes": [],
          "private": "eyJzY2hlbWFfdmVyc2lvbiI6IjEifQ=="
        }
      ]
    }
  ],
  "check_results": null
}
